{
  "requires": true,
  "lockfileVersion": 1,
  "dependencies": {
    "@types/history": {
      "version": "4.7.8",
      "resolved": "https://registry.npmjs.org/@types/history/-/history-4.7.8.tgz",
      "integrity": "sha512-S78QIYirQcUoo6UJZx9CSP0O2ix9IaeAXwQi26Rhr/+mg7qqPy8TzaxHSUut7eGjL8WmLccT7/MXf304WjqHcA=="
    },
    "@types/node": {
      "version": "14.14.19",
      "resolved": "https://registry.npmjs.org/@types/node/-/node-14.14.19.tgz",
      "integrity": "sha512-4nhBPStMK04rruRVtVc6cDqhu7S9GZai0fpXgPXrFpcPX6Xul8xnrjSdGB4KPBVYG/R5+fXWdCM8qBoiULWGPQ=="
    },
    "@types/prop-types": {
      "version": "15.7.3",
      "resolved": "https://registry.npmjs.org/@types/prop-types/-/prop-types-15.7.3.tgz",
      "integrity": "sha512-KfRL3PuHmqQLOG+2tGpRO26Ctg+Cq1E01D2DMriKEATHgWLfeNDmq9e29Q9WIky0dQ3NPkd1mzYH8Lm936Z9qw=="
    },
    "@types/react": {
      "version": "17.0.0",
      "resolved": "https://registry.npmjs.org/@types/react/-/react-17.0.0.tgz",
      "integrity": "sha512-aj/L7RIMsRlWML3YB6KZiXB3fV2t41+5RBGYF8z+tAKU43Px8C3cYUZsDvf1/+Bm4FK21QWBrDutu8ZJ/70qOw==",
      "requires": {
        "@types/prop-types": "*",
        "csstype": "^3.0.2"
      }
    },
    "@types/react-router": {
      "version": "5.1.9",
      "resolved": "https://registry.npmjs.org/@types/react-router/-/react-router-5.1.9.tgz",
      "integrity": "sha512-US6C0rq2Wt/7uje1roqO0R++Sr0jqplKaBChDY5sNg5k7GC/79YFK0ZsLEdemqUjW05wq1Y/9YYEUgfNZ8TlvA==",
      "requires": {
        "@types/history": "*",
        "@types/react": "*"
      }
    },
    "@types/react-router-dom": {
      "version": "5.1.7",
      "resolved": "https://registry.npmjs.org/@types/react-router-dom/-/react-router-dom-5.1.7.tgz",
      "integrity": "sha512-D5mHD6TbdV/DNHYsnwBTv+y73ei+mMjrkGrla86HthE4/PVvL1J94Bu3qABU+COXzpL23T1EZapVVpwHuBXiUg==",
      "requires": {
        "@types/history": "*",
        "@types/react": "*",
        "@types/react-router": "*"
      }
    },
    "c": {
      "version": "1.1.1",
      "resolved": "https://registry.npmjs.org/c/-/c-1.1.1.tgz",
      "integrity": "sha512-pk51cOwUCLvfFiXmPdtWhH7cK0C66oLms1ndtFu/IzgScKmwSwEEQj63qUBPsJvEPM2m+LXgMK7d964lcxoSPw==",
      "requires": {
        "@types/node": "^14.6.4",
        "colors": "1.4.0",
        "true-case-path": "^2.2.1"
      }
    },
    "colors": {
      "version": "1.4.0",
      "resolved": "https://registry.npmjs.org/colors/-/colors-1.4.0.tgz",
      "integrity": "sha512-a+UqTh4kgZg/SlGvfbzDHpgRu7AAQOmmqRHJnxhRZICKFUT91brVhNNt58CMWU9PsBbv3PDCZUHbVxuDiH2mtA=="
    },
    "csstype": {
      "version": "3.0.5",
      "resolved": "https://registry.npmjs.org/csstype/-/csstype-3.0.5.tgz",
      "integrity": "sha512-uVDi8LpBUKQj6sdxNaTetL6FpeCqTjOvAQuQUa/qAqq8oOd4ivkbhgnqayl0dnPal8Tb/yB1tF+gOvCBiicaiQ=="
    },
    "true-case-path": {
      "version": "2.2.1",
      "resolved": "https://registry.npmjs.org/true-case-path/-/true-case-path-2.2.1.tgz",
      "integrity": "sha512-0z3j8R7MCjy10kc/g+qg7Ln3alJTodw9aDuVWZa3uiWqfuBMKeAeP2ocWcxoyM3D73yz3Jt/Pu4qPr4wHSdB/Q=="
    }
  }
}
